
Microsoft Visual Studio Solution File, Format Version 12.00
# Visual Studio Version 17
VisualStudioVersion = 17.11.35222.181
MinimumVisualStudioVersion = 10.0.40219.1
Project("{FAE04EC0-301F-11D3-BF4B-00C04F79EFBC}") = "Hello", "Hello\Hello.csproj", "{2340C4EC-2AF4-48D2-8D3E-7CEF66901799}"
EndProject
Project("{2150E333-8FDC-42A3-9474-1A3956D46DE8}") = "ソリューション項目", "ソリューション項目", "{64DA2D9B-0932-410A-8C22-8BA50BC2A9AC}"
	ProjectSection(SolutionItems) = preProject
		Dog.cs = Dog.cs
	EndProjectSection
EndProject
Project("{FAE04EC0-301F-11D3-BF4B-00C04F79EFBC}") = "DogTest", "DogTest\DogTest.csproj", "{750DEBD5-3531-4ACE-AA6E-DC3580F1573A}"
EndProject
Project("{FAE04EC0-301F-11D3-BF4B-00C04F79EFBC}") = "pj03-2", "pj03-2\pj03-2.csproj", "{EBA5CB0E-B48E-4062-86B0-B73A7210FFDF}"
EndProject
Global
	GlobalSection(SolutionConfigurationPlatforms) = preSolution
		Debug|Any CPU = Debug|Any CPU
		Release|Any CPU = Release|Any CPU
	EndGlobalSection
	GlobalSection(ProjectConfigurationPlatforms) = postSolution
		{2340C4EC-2AF4-48D2-8D3E-7CEF66901799}.Debug|Any CPU.ActiveCfg = Debug|Any CPU
		{2340C4EC-2AF4-48D2-8D3E-7CEF66901799}.Debug|Any CPU.Build.0 = Debug|Any CPU
		{2340C4EC-2AF4-48D2-8D3E-7CEF66901799}.Release|Any CPU.ActiveCfg = Release|Any CPU
		{2340C4EC-2AF4-48D2-8D3E-7CEF66901799}.Release|Any CPU.Build.0 = Release|Any CPU
		{750DEBD5-3531-4ACE-AA6E-DC3580F1573A}.Debug|Any CPU.ActiveCfg = Debug|Any CPU
		{750DEBD5-3531-4ACE-AA6E-DC3580F1573A}.Debug|Any CPU.Build.0 = Debug|Any CPU
		{750DEBD5-3531-4ACE-AA6E-DC3580F1573A}.Release|Any CPU.ActiveCfg = Release|Any CPU
		{750DEBD5-3531-4ACE-AA6E-DC3580F1573A}.Release|Any CPU.Build.0 = Release|Any CPU
		{EBA5CB0E-B48E-4062-86B0-B73A7210FFDF}.Debug|Any CPU.ActiveCfg = Debug|Any CPU
		{EBA5CB0E-B48E-4062-86B0-B73A7210FFDF}.Debug|Any CPU.Build.0 = Debug|Any CPU
		{EBA5CB0E-B48E-4062-86B0-B73A7210FFDF}.Release|Any CPU.ActiveCfg = Release|Any CPU
		{EBA5CB0E-B48E-4062-86B0-B73A7210FFDF}.Release|Any CPU.Build.0 = Release|Any CPU
	EndGlobalSection
	GlobalSection(SolutionProperties) = preSolution
		HideSolutionNode = FALSE
	EndGlobalSection
	GlobalSection(ExtensibilityGlobals) = postSolution
		SolutionGuid = {BE2FFC82-6755-46FD-95E4-F623DC0BDE84}
	EndGlobalSection
EndGlobal
